
Microsoft Visual Studio Solution File, Format Version 12.00
# Visual Studio Version 17
VisualStudioVersion = 17.9.34723.18
MinimumVisualStudioVersion = 10.0.40219.1
Project("{F184B08F-C81C-45F6-A57F-5ABD9991F28F}") = "GYMCAT - SI", "GYMCAT - SI.vbproj", "{95F2D373-AA0B-473D-A59D-13253BFB6F85}"
EndProject
Global
	GlobalSection(SolutionConfigurationPlatforms) = preSolution
		Debug|Any CPU = Debug|Any CPU
		Release|Any CPU = Release|Any CPU
	EndGlobalSection
	GlobalSection(ProjectConfigurationPlatforms) = postSolution
		{95F2D373-AA0B-473D-A59D-13253BFB6F85}.Debug|Any CPU.ActiveCfg = Debug|Any CPU
		{95F2D373-AA0B-473D-A59D-13253BFB6F85}.Debug|Any CPU.Build.0 = Debug|Any CPU
		{95F2D373-AA0B-473D-A59D-13253BFB6F85}.Release|Any CPU.ActiveCfg = Release|Any CPU
		{95F2D373-AA0B-473D-A59D-13253BFB6F85}.Release|Any CPU.Build.0 = Release|Any CPU
	EndGlobalSection
	GlobalSection(SolutionProperties) = preSolution
		HideSolutionNode = FALSE
	EndGlobalSection
	GlobalSection(ExtensibilityGlobals) = postSolution
		SolutionGuid = {B605D062-51DC-4BA9-AC11-5D611203B890}
	EndGlobalSection
EndGlobal
